
Microsoft Visual Studio Solution File, Format Version 12.00
# Visual Studio Version 16
VisualStudioVersion = 16.0.32126.315
MinimumVisualStudioVersion = 10.0.40219.1
Project("{FAE04EC0-301F-11D3-BF4B-00C04F79EFBC}") = "SearchAlgorithmDemo", "SearchAlgorithmDemo\SearchAlgorithmDemo.csproj", "{BFF824A1-D460-4D5F-90B0-C0ACBF57781E}"
EndProject
Global
	GlobalSection(SolutionConfigurationPlatforms) = preSolution
		Debug|Any CPU = Debug|Any CPU
		Release|Any CPU = Release|Any CPU
	EndGlobalSection
	GlobalSection(ProjectConfigurationPlatforms) = postSolution
		{BFF824A1-D460-4D5F-90B0-C0ACBF57781E}.Debug|Any CPU.ActiveCfg = Debug|Any CPU
		{BFF824A1-D460-4D5F-90B0-C0ACBF57781E}.Debug|Any CPU.Build.0 = Debug|Any CPU
		{BFF824A1-D460-4D5F-90B0-C0ACBF57781E}.Release|Any CPU.ActiveCfg = Release|Any CPU
		{BFF824A1-D460-4D5F-90B0-C0ACBF57781E}.Release|Any CPU.Build.0 = Release|Any CPU
	EndGlobalSection
	GlobalSection(SolutionProperties) = preSolution
		HideSolutionNode = FALSE
	EndGlobalSection
	GlobalSection(ExtensibilityGlobals) = postSolution
		SolutionGuid = {9B7D5AC7-1333-4811-AA8F-F4A434FE2A53}
	EndGlobalSection
EndGlobal
